// !$*UTF8*$!
{
	archiveVersion = 1;
	classes = {
	};
	objectVersion = 56;
	objects = {

/* Begin PBXBuildFile section */
		EA30E3222A9D33960062938F /* LandmarcksApp.swift in Sources */ = {isa = PBXBuildFile; fileRef = EA30E3212A9D33960062938F /* LandmarcksApp.swift */; };
		EA30E3262A9D33970062938F /* Assets.xcassets in Resources */ = {isa = PBXBuildFile; fileRef = EA30E3252A9D33970062938F /* Assets.xcassets */; };
		EA30E32A2A9D33970062938F /* Preview Assets.xcassets in Resources */ = {isa = PBXBuildFile; fileRef = EA30E3292A9D33970062938F /* Preview Assets.xcassets */; };
		EA30E3352A9D354C0062938F /* MapView.swift in Sources */ = {isa = PBXBuildFile; fileRef = EA30E3342A9D354C0062938F /* MapView.swift */; };
		EA30E33B2A9FA9D50062938F /* landmarkData.json in Resources */ = {isa = PBXBuildFile; fileRef = EA30E33A2A9FA9D50062938F /* landmarkData.json */; };
		EA30E33D2A9FA9FA0062938F /* Landmark.swift in Sources */ = {isa = PBXBuildFile; fileRef = EA30E33C2A9FA9FA0062938F /* Landmark.swift */; };
		EA30E33F2A9FAD1B0062938F /* ModelData.swift in Sources */ = {isa = PBXBuildFile; fileRef = EA30E33E2A9FAD1B0062938F /* ModelData.swift */; };
		EA30E3452AA0E19F0062938F /* ContentView.swift in Sources */ = {isa = PBXBuildFile; fileRef = EA30E3442AA0E19F0062938F /* ContentView.swift */; };
		EA30E3472AA0E2590062938F /* LandmarkRow.swift in Sources */ = {isa = PBXBuildFile; fileRef = EA30E3462AA0E2590062938F /* LandmarkRow.swift */; };
		EAB1F6302AA0E4F200412753 /* CircleImage.swift in Sources */ = {isa = PBXBuildFile; fileRef = EA30E3412AA0E1410062938F /* CircleImage.swift */; };
		EAB1F6322AA0E7B500412753 /* LandmarkList.swift in Sources */ = {isa = PBXBuildFile; fileRef = EAB1F6312AA0E7B500412753 /* LandmarkList.swift */; };
		EAB1F6342AA76D2A00412753 /* LandmarkDetail.swift in Sources */ = {isa = PBXBuildFile; fileRef = EAB1F6332AA76D2A00412753 /* LandmarkDetail.swift */; };
		EAB1F6382AAA3C9500412753 /* FavoriteButton.swift in Sources */ = {isa = PBXBuildFile; fileRef = EAB1F6372AAA3C9500412753 /* FavoriteButton.swift */; };
/* End PBXBuildFile section */

/* Begin PBXFileReference section */
		EA30E31E2A9D33960062938F /* Landmarcks.app */ = {isa = PBXFileReference; explicitFileType = wrapper.application; includeInIndex = 0; path = Landmarcks.app; sourceTree = BUILT_PRODUCTS_DIR; };
		EA30E3212A9D33960062938F /* LandmarcksApp.swift */ = {isa = PBXFileReference; lastKnownFileType = sourcecode.swift; path = LandmarcksApp.swift; sourceTree = "<group>"; };
		EA30E3252A9D33970062938F /* Assets.xcassets */ = {isa = PBXFileReference; lastKnownFileType = folder.assetcatalog; path = Assets.xcassets; sourceTree = "<group>"; };
		EA30E3272A9D33970062938F /* Landmarcks.entitlements */ = {isa = PBXFileReference; lastKnownFileType = text.plist.entitlements; path = Landmarcks.entitlements; sourceTree = "<group>"; };
		EA30E3292A9D33970062938F /* Preview Assets.xcassets */ = {isa = PBXFileReference; lastKnownFileType = folder.assetcatalog; path = "Preview Assets.xcassets"; sourceTree = "<group>"; };
		EA30E3342A9D354C0062938F /* MapView.swift */ = {isa = PBXFileReference; fileEncoding = 4; lastKnownFileType = sourcecode.swift; path = MapView.swift; sourceTree = "<group>"; };
		EA30E33A2A9FA9D50062938F /* landmarkData.json */ = {isa = PBXFileReference; fileEncoding = 4; lastKnownFileType = text.json; path = landmarkData.json; sourceTree = "<group>"; };
		EA30E33C2A9FA9FA0062938F /* Landmark.swift */ = {isa = PBXFileReference; lastKnownFileType = sourcecode.swift; path = Landmark.swift; sourceTree = "<group>"; };
		EA30E33E2A9FAD1B0062938F /* ModelData.swift */ = {isa = PBXFileReference; lastKnownFileType = sourcecode.swift; path = ModelData.swift; sourceTree = "<group>"; };
		EA30E3412AA0E1410062938F /* CircleImage.swift */ = {isa = PBXFileReference; lastKnownFileType = sourcecode.swift; path = CircleImage.swift; sourceTree = "<group>"; };
		EA30E3442AA0E19F0062938F /* ContentView.swift */ = {isa = PBXFileReference; lastKnownFileType = sourcecode.swift; path = ContentView.swift; sourceTree = "<group>"; };
		EA30E3462AA0E2590062938F /* LandmarkRow.swift */ = {isa = PBXFileReference; lastKnownFileType = sourcecode.swift; path = LandmarkRow.swift; sourceTree = "<group>"; };
		EAB1F6312AA0E7B500412753 /* LandmarkList.swift */ = {isa = PBXFileReference; lastKnownFileType = sourcecode.swift; path = LandmarkList.swift; sourceTree = "<group>"; };
		EAB1F6332AA76D2A00412753 /* LandmarkDetail.swift */ = {isa = PBXFileReference; lastKnownFileType = sourcecode.swift; path = LandmarkDetail.swift; sourceTree = "<group>"; };
		EAB1F6372AAA3C9500412753 /* FavoriteButton.swift */ = {isa = PBXFileReference; lastKnownFileType = sourcecode.swift; path = FavoriteButton.swift; sourceTree = "<group>"; };
/* End PBXFileReference section */

/* Begin PBXFrameworksBuildPhase section */
		EA30E31B2A9D33960062938F /* Frameworks */ = {
			isa = PBXFrameworksBuildPhase;
			buildActionMask = 2147483647;
			files = (
			);
			runOnlyForDeploymentPostprocessing = 0;
		};
/* End PBXFrameworksBuildPhase section */

/* Begin PBXGroup section */
		EA30E3152A9D33960062938F = {
			isa = PBXGroup;
			children = (
				EA30E3202A9D33960062938F /* Landmarcks */,
				EA30E31F2A9D33960062938F /* Products */,
			);
			sourceTree = "<group>";
		};
		EA30E31F2A9D33960062938F /* Products */ = {
			isa = PBXGroup;
			children = (
				EA30E31E2A9D33960062938F /* Landmarcks.app */,
			);
			name = Products;
			sourceTree = "<group>";
		};
		EA30E3202A9D33960062938F /* Landmarcks */ = {
			isa = PBXGroup;
			children = (
				EA30E3212A9D33960062938F /* LandmarcksApp.swift */,
				EA30E3432AA0E1680062938F /* Resources */,
				EA30E3422AA0E1550062938F /* Model */,
				EA30E3402AA0E1150062938F /* Views */,
				EA30E3252A9D33970062938F /* Assets.xcassets */,
				EA30E3272A9D33970062938F /* Landmarcks.entitlements */,
				EA30E3282A9D33970062938F /* Preview Content */,
			);
			path = Landmarcks;
			sourceTree = "<group>";
		};
		EA30E3282A9D33970062938F /* Preview Content */ = {
			isa = PBXGroup;
			children = (
				EA30E3292A9D33970062938F /* Preview Assets.xcassets */,
			);
			path = "Preview Content";
			sourceTree = "<group>";
		};
		EA30E3402AA0E1150062938F /* Views */ = {
			isa = PBXGroup;
			children = (
				EA30E3442AA0E19F0062938F /* ContentView.swift */,
				EAB1F63A2AAA3DA700412753 /* Landmarks */,
				EAB1F6392AAA3D9800412753 /* Helpers */,
			);
			path = Views;
			sourceTree = "<group>";
		};
		EA30E3422AA0E1550062938F /* Model */ = {
			isa = PBXGroup;
			children = (
				EA30E33C2A9FA9FA0062938F /* Landmark.swift */,
				EA30E33E2A9FAD1B0062938F /* ModelData.swift */,
			);
			path = Model;
			sourceTree = "<group>";
		};
		EA30E3432AA0E1680062938F /* Resources */ = {
			isa = PBXGroup;
			children = (
				EA30E33A2A9FA9D50062938F /* landmarkData.json */,
			);
			path = Resources;
			sourceTree = "<group>";
		};
		EAB1F6392AAA3D9800412753 /* Helpers */ = {
			isa = PBXGroup;
			children = (
				EA30E3342A9D354C0062938F /* MapView.swift */,
				EA30E3412AA0E1410062938F /* CircleImage.swift */,
				EAB1F6372AAA3C9500412753 /* FavoriteButton.swift */,
			);
			path = Helpers;
			sourceTree = "<group>";
		};
		EAB1F63A2AAA3DA700412753 /* Landmarks */ = {
			isa = PBXGroup;
			children = (
				EAB1F6312AA0E7B500412753 /* LandmarkList.swift */,
				EAB1F6332AA76D2A00412753 /* LandmarkDetail.swift */,
				EA30E3462AA0E2590062938F /* LandmarkRow.swift */,
			);
			path = Landmarks;
			sourceTree = "<group>";
		};
/* End PBXGroup section */

/* Begin PBXNativeTarget section */
		EA30E31D2A9D33960062938F /* Landmarcks */ = {
			isa = PBXNativeTarget;
			buildConfigurationList = EA30E32D2A9D33970062938F /* Build configuration list for PBXNativeTarget "Landmarcks" */;
			buildPhases = (
				EA30E31A2A9D33960062938F /* Sources */,
				EA30E31B2A9D33960062938F /* Frameworks */,
				EA30E31C2A9D33960062938F /* Resources */,
			);
			buildRules = (
			);
			dependencies = (
			);
			name = Landmarcks;
			productName = Landmarcks;
			productReference = EA30E31E2A9D33960062938F /* Landmarcks.app */;
			productType = "com.apple.product-type.application";
		};
/* End PBXNativeTarget section */

/* Begin PBXProject section */
		EA30E3162A9D33960062938F /* Project object */ = {
			isa = PBXProject;
			attributes = {
				BuildIndependentTargetsInParallel = 1;
				LastSwiftUpdateCheck = 1430;
				LastUpgradeCheck = 1430;
				TargetAttributes = {
					EA30E31D2A9D33960062938F = {
						CreatedOnToolsVersion = 14.3.1;
					};
				};
			};
			buildConfigurationList = EA30E3192A9D33960062938F /* Build configuration list for PBXProject "Landmarcks" */;
			compatibilityVersion = "Xcode 14.0";
			developmentRegion = en;
			hasScannedForEncodings = 0;
			knownRegions = (
				en,
				Base,
			);
			mainGroup = EA30E3152A9D33960062938F;
			productRefGroup = EA30E31F2A9D33960062938F /* Products */;
			projectDirPath = "";
			projectRoot = "";
			targets = (
				EA30E31D2A9D33960062938F /* Landmarcks */,
			);
		};
/* End PBXProject section */

/* Begin PBXResourcesBuildPhase section */
		EA30E31C2A9D33960062938F /* Resources */ = {
			isa = PBXResourcesBuildPhase;
			buildActionMask = 2147483647;
			files = (
				EA30E32A2A9D33970062938F /* Preview Assets.xcassets in Resources */,
				EA30E3262A9D33970062938F /* Assets.xcassets in Resources */,
				EA30E33B2A9FA9D50062938F /* landmarkData.json in Resources */,
			);
			runOnlyForDeploymentPostprocessing = 0;
		};
/* End PBXResourcesBuildPhase section */

/* Begin PBXSourcesBuildPhase section */
		EA30E31A2A9D33960062938F /* Sources */ = {
			isa = PBXSourcesBuildPhase;
			buildActionMask = 2147483647;
			files = (
				EA30E3222A9D33960062938F /* LandmarcksApp.swift in Sources */,
				EA30E3352A9D354C0062938F /* MapView.swift in Sources */,
				EA30E3472AA0E2590062938F /* LandmarkRow.swift in Sources */,
				EAB1F6382AAA3C9500412753 /* FavoriteButton.swift in Sources */,
				EAB1F6322AA0E7B500412753 /* LandmarkList.swift in Sources */,
				EAB1F6342AA76D2A00412753 /* LandmarkDetail.swift in Sources */,
				EAB1F6302AA0E4F200412753 /* CircleImage.swift in Sources */,
				EA30E3452AA0E19F0062938F /* ContentView.swift in Sources */,
				EA30E33D2A9FA9FA0062938F /* Landmark.swift in Sources */,
				EA30E33F2A9FAD1B0062938F /* ModelData.swift in Sources */,
			);
			runOnlyForDeploymentPostprocessing = 0;
		};
/* End PBXSourcesBuildPhase section */

/* Begin XCBuildConfiguration section */
		EA30E32B2A9D33970062938F /* Debug */ = {
			isa = XCBuildConfiguration;
			buildSettings = {
				ALWAYS_SEARCH_USER_PATHS = NO;
				CLANG_ANALYZER_NONNULL = YES;
				CLANG_ANALYZER_NUMBER_OBJECT_CONVERSION = YES_AGGRESSIVE;
				CLANG_CXX_LANGUAGE_STANDARD = "gnu++20";
				CLANG_ENABLE_MODULES = YES;
				CLANG_ENABLE_OBJC_ARC = YES;
				CLANG_ENABLE_OBJC_WEAK = YES;
				CLANG_WARN_BLOCK_CAPTURE_AUTORELEASING = YES;
				CLANG_WARN_BOOL_CONVERSION = YES;
				CLANG_WARN_COMMA = YES;
				CLANG_WARN_CONSTANT_CONVERSION = YES;
				CLANG_WARN_DEPRECATED_OBJC_IMPLEMENTATIONS = YES;
				CLANG_WARN_DIRECT_OBJC_ISA_USAGE = YES_ERROR;
				CLANG_WARN_DOCUMENTATION_COMMENTS = YES;
				CLANG_WARN_EMPTY_BODY = YES;
				CLANG_WARN_ENUM_CONVERSION = YES;
				CLANG_WARN_INFINITE_RECURSION = YES;
				CLANG_WARN_INT_CONVERSION = YES;
				CLANG_WARN_NON_LITERAL_NULL_CONVERSION = YES;
				CLANG_WARN_OBJC_IMPLICIT_RETAIN_SELF = YES;
				CLANG_WARN_OBJC_LITERAL_CONVERSION = YES;
				CLANG_WARN_OBJC_ROOT_CLASS = YES_ERROR;
				CLANG_WARN_QUOTED_INCLUDE_IN_FRAMEWORK_HEADER = YES;
				CLANG_WARN_RANGE_LOOP_ANALYSIS = YES;
				CLANG_WARN_STRICT_PROTOTYPES = YES;
				CLANG_WARN_SUSPICIOUS_MOVE = YES;
				CLANG_WARN_UNGUARDED_AVAILABILITY = YES_AGGRESSIVE;
				CLANG_WARN_UNREACHABLE_CODE = YES;
				CLANG_WARN__DUPLICATE_METHOD_MATCH = YES;
				COPY_PHASE_STRIP = NO;
				DEBUG_INFORMATION_FORMAT = dwarf;
				ENABLE_STRICT_OBJC_MSGSEND = YES;
				ENABLE_TESTABILITY = YES;
				GCC_C_LANGUAGE_STANDARD = gnu11;
				GCC_DYNAMIC_NO_PIC = NO;
				GCC_NO_COMMON_BLOCKS = YES;
				GCC_OPTIMIZATION_LEVEL = 0;
				GCC_PREPROCESSOR_DEFINITIONS = (
					"DEBUG=1",
					"$(inherited)",
				);
				GCC_WARN_64_TO_32_BIT_CONVERSION = YES;
				GCC_WARN_ABOUT_RETURN_TYPE = YES_ERROR;
				GCC_WARN_UNDECLARED_SELECTOR = YES;
				GCC_WARN_UNINITIALIZED_AUTOS = YES_AGGRESSIVE;
				GCC_WARN_UNUSED_FUNCTION = YES;
				GCC_WARN_UNUSED_VARIABLE = YES;
				MTL_ENABLE_DEBUG_INFO = INCLUDE_SOURCE;
				MTL_FAST_MATH = YES;
				ONLY_ACTIVE_ARCH = YES;
				SWIFT_ACTIVE_COMPILATION_CONDITIONS = DEBUG;
				SWIFT_OPTIMIZATION_LEVEL = "-Onone";
			};
			name = Debug;
		};
		EA30E32C2A9D33970062938F /* Release */ = {
			isa = XCBuildConfiguration;
			buildSettings = {
				ALWAYS_SEARCH_USER_PATHS = NO;
				CLANG_ANALYZER_NONNULL = YES;
				CLANG_ANALYZER_NUMBER_OBJECT_CONVERSION = YES_AGGRESSIVE;
				CLANG_CXX_LANGUAGE_STANDARD = "gnu++20";
				CLANG_ENABLE_MODULES = YES;
				CLANG_ENABLE_OBJC_ARC = YES;
				CLANG_ENABLE_OBJC_WEAK = YES;
				CLANG_WARN_BLOCK_CAPTURE_AUTORELEASING = YES;
				CLANG_WARN_BOOL_CONVERSION = YES;
				CLANG_WARN_COMMA = YES;
				CLANG_WARN_CONSTANT_CONVERSION = YES;
				CLANG_WARN_DEPRECATED_OBJC_IMPLEMENTATIONS = YES;
				CLANG_WARN_DIRECT_OBJC_ISA_USAGE = YES_ERROR;
				CLANG_WARN_DOCUMENTATION_COMMENTS = YES;
				CLANG_WARN_EMPTY_BODY = YES;
				CLANG_WARN_ENUM_CONVERSION = YES;
				CLANG_WARN_INFINITE_RECURSION = YES;
				CLANG_WARN_INT_CONVERSION = YES;
				CLANG_WARN_NON_LITERAL_NULL_CONVERSION = YES;
				CLANG_WARN_OBJC_IMPLICIT_RETAIN_SELF = YES;
				CLANG_WARN_OBJC_LITERAL_CONVERSION = YES;
				CLANG_WARN_OBJC_ROOT_CLASS = YES_ERROR;
				CLANG_WARN_QUOTED_INCLUDE_IN_FRAMEWORK_HEADER = YES;
				CLANG_WARN_RANGE_LOOP_ANALYSIS = YES;
				CLANG_WARN_STRICT_PROTOTYPES = YES;
				CLANG_WARN_SUSPICIOUS_MOVE = YES;
				CLANG_WARN_UNGUARDED_AVAILABILITY = YES_AGGRESSIVE;
				CLANG_WARN_UNREACHABLE_CODE = YES;
				CLANG_WARN__DUPLICATE_METHOD_MATCH = YES;
				COPY_PHASE_STRIP = NO;
				DEBUG_INFORMATION_FORMAT = "dwarf-with-dsym";
				ENABLE_NS_ASSERTIONS = NO;
				ENABLE_STRICT_OBJC_MSGSEND = YES;
				GCC_C_LANGUAGE_STANDARD = gnu11;
				GCC_NO_COMMON_BLOCKS = YES;
				GCC_WARN_64_TO_32_BIT_CONVERSION = YES;
				GCC_WARN_ABOUT_RETURN_TYPE = YES_ERROR;
				GCC_WARN_UNDECLARED_SELECTOR = YES;
				GCC_WARN_UNINITIALIZED_AUTOS = YES_AGGRESSIVE;
				GCC_WARN_UNUSED_FUNCTION = YES;
				GCC_WARN_UNUSED_VARIABLE = YES;
				MTL_ENABLE_DEBUG_INFO = NO;
				MTL_FAST_MATH = YES;
				SWIFT_COMPILATION_MODE = wholemodule;
				SWIFT_OPTIMIZATION_LEVEL = "-O";
			};
			name = Release;
		};
		EA30E32E2A9D33970062938F /* Debug */ = {
			isa = XCBuildConfiguration;
			buildSettings = {
				ASSETCATALOG_COMPILER_APPICON_NAME = AppIcon;
				ASSETCATALOG_COMPILER_GLOBAL_ACCENT_COLOR_NAME = AccentColor;
				CODE_SIGN_ENTITLEMENTS = Landmarcks/Landmarcks.entitlements;
				CODE_SIGN_STYLE = Automatic;
				CURRENT_PROJECT_VERSION = 1;
				DEVELOPMENT_ASSET_PATHS = "\"Landmarcks/Preview Content\"";
				ENABLE_PREVIEWS = YES;
				GENERATE_INFOPLIST_FILE = YES;
				"INFOPLIST_KEY_UIApplicationSceneManifest_Generation[sdk=iphoneos*]" = YES;
				"INFOPLIST_KEY_UIApplicationSceneManifest_Generation[sdk=iphonesimulator*]" = YES;
				"INFOPLIST_KEY_UIApplicationSupportsIndirectInputEvents[sdk=iphoneos*]" = YES;
				"INFOPLIST_KEY_UIApplicationSupportsIndirectInputEvents[sdk=iphonesimulator*]" = YES;
				"INFOPLIST_KEY_UILaunchScreen_Generation[sdk=iphoneos*]" = YES;
				"INFOPLIST_KEY_UILaunchScreen_Generation[sdk=iphonesimulator*]" = YES;
				"INFOPLIST_KEY_UIStatusBarStyle[sdk=iphoneos*]" = UIStatusBarStyleDefault;
				"INFOPLIST_KEY_UIStatusBarStyle[sdk=iphonesimulator*]" = UIStatusBarStyleDefault;
				INFOPLIST_KEY_UISupportedInterfaceOrientations_iPad = "UIInterfaceOrientationPortrait UIInterfaceOrientationPortraitUpsideDown UIInterfaceOrientationLandscapeLeft UIInterfaceOrientationLandscapeRight";
				INFOPLIST_KEY_UISupportedInterfaceOrientations_iPhone = "UIInterfaceOrientationPortrait UIInterfaceOrientationLandscapeLeft UIInterfaceOrientationLandscapeRight";
				IPHONEOS_DEPLOYMENT_TARGET = 16.4;
				LD_RUNPATH_SEARCH_PATHS = "@executable_path/Frameworks";
				"LD_RUNPATH_SEARCH_PATHS[sdk=macosx*]" = "@executable_path/../Frameworks";
				MACOSX_DEPLOYMENT_TARGET = 13.3;
				MARKETING_VERSION = 1.0;
				PRODUCT_BUNDLE_IDENTIFIER = omni.Landmarcks;
				PRODUCT_NAME = "$(TARGET_NAME)";
				SDKROOT = auto;
				SUPPORTED_PLATFORMS = "iphoneos iphonesimulator macosx";
				SWIFT_EMIT_LOC_STRINGS = YES;
				SWIFT_VERSION = 5.0;
				TARGETED_DEVICE_FAMILY = "1,2";
			};
			name = Debug;
		};
		EA30E32F2A9D33970062938F /* Release */ = {
			isa = XCBuildConfiguration;
			buildSettings = {
				ASSETCATALOG_COMPILER_APPICON_NAME = AppIcon;
				ASSETCATALOG_COMPILER_GLOBAL_ACCENT_COLOR_NAME = AccentColor;
				CODE_SIGN_ENTITLEMENTS = Landmarcks/Landmarcks.entitlements;
				CODE_SIGN_STYLE = Automatic;
				CURRENT_PROJECT_VERSION = 1;
				DEVELOPMENT_ASSET_PATHS = "\"Landmarcks/Preview Content\"";
				ENABLE_PREVIEWS = YES;
				GENERATE_INFOPLIST_FILE = YES;
				"INFOPLIST_KEY_UIApplicationSceneManifest_Generation[sdk=iphoneos*]" = YES;
				"INFOPLIST_KEY_UIApplicationSceneManifest_Generation[sdk=iphonesimulator*]" = YES;
				"INFOPLIST_KEY_UIApplicationSupportsIndirectInputEvents[sdk=iphoneos*]" = YES;
				"INFOPLIST_KEY_UIApplicationSupportsIndirectInputEvents[sdk=iphonesimulator*]" = YES;
				"INFOPLIST_KEY_UILaunchScreen_Generation[sdk=iphoneos*]" = YES;
				"INFOPLIST_KEY_UILaunchScreen_Generation[sdk=iphonesimulator*]" = YES;
				"INFOPLIST_KEY_UIStatusBarStyle[sdk=iphoneos*]" = UIStatusBarStyleDefault;
				"INFOPLIST_KEY_UIStatusBarStyle[sdk=iphonesimulator*]" = UIStatusBarStyleDefault;
				INFOPLIST_KEY_UISupportedInterfaceOrientations_iPad = "UIInterfaceOrientationPortrait UIInterfaceOrientationPortraitUpsideDown UIInterfaceOrientationLandscapeLeft UIInterfaceOrientationLandscapeRight";
				INFOPLIST_KEY_UISupportedInterfaceOrientations_iPhone = "UIInterfaceOrientationPortrait UIInterfaceOrientationLandscapeLeft UIInterfaceOrientationLandscapeRight";
				IPHONEOS_DEPLOYMENT_TARGET = 16.4;
				LD_RUNPATH_SEARCH_PATHS = "@executable_path/Frameworks";
				"LD_RUNPATH_SEARCH_PATHS[sdk=macosx*]" = "@executable_path/../Frameworks";
				MACOSX_DEPLOYMENT_TARGET = 13.3;
				MARKETING_VERSION = 1.0;
				PRODUCT_BUNDLE_IDENTIFIER = omni.Landmarcks;
				PRODUCT_NAME = "$(TARGET_NAME)";
				SDKROOT = auto;
				SUPPORTED_PLATFORMS = "iphoneos iphonesimulator macosx";
				SWIFT_EMIT_LOC_STRINGS = YES;
				SWIFT_VERSION = 5.0;
				TARGETED_DEVICE_FAMILY = "1,2";
			};
			name = Release;
		};
/* End XCBuildConfiguration section */

/* Begin XCConfigurationList section */
		EA30E3192A9D33960062938F /* Build configuration list for PBXProject "Landmarcks" */ = {
			isa = XCConfigurationList;
			buildConfigurations = (
				EA30E32B2A9D33970062938F /* Debug */,
				EA30E32C2A9D33970062938F /* Release */,
			);
			defaultConfigurationIsVisible = 0;
			defaultConfigurationName = Release;
		};
		EA30E32D2A9D33970062938F /* Build configuration list for PBXNativeTarget "Landmarcks" */ = {
			isa = XCConfigurationList;
			buildConfigurations = (
				EA30E32E2A9D33970062938F /* Debug */,
				EA30E32F2A9D33970062938F /* Release */,
			);
			defaultConfigurationIsVisible = 0;
			defaultConfigurationName = Release;
		};
/* End XCConfigurationList section */
	};
	rootObject = EA30E3162A9D33960062938F /* Project object */;
}
